// !$*UTF8*$!
{
	archiveVersion = 1;
	classes = {
	};
	objectVersion = 46;
	objects = {

/* Begin PBXBuildFile section */
		27CDACE81FC672260042413D /* AppDelegate.swift in Sources */ = {isa = PBXBuildFile; fileRef = 27CDACE71FC672260042413D /* AppDelegate.swift */; };
		27CDACEA1FC672260042413D /* ViewController.swift in Sources */ = {isa = PBXBuildFile; fileRef = 27CDACE91FC672260042413D /* ViewController.swift */; };
		27CDACED1FC672260042413D /* Main.storyboard in Resources */ = {isa = PBXBuildFile; fileRef = 27CDACEB1FC672260042413D /* Main.storyboard */; };
		27CDACEF1FC672260042413D /* Assets.xcassets in Resources */ = {isa = PBXBuildFile; fileRef = 27CDACEE1FC672260042413D /* Assets.xcassets */; };
		27CDACF21FC672260042413D /* LaunchScreen.storyboard in Resources */ = {isa = PBXBuildFile; fileRef = 27CDACF01FC672260042413D /* LaunchScreen.storyboard */; };
		27CDACFD1FC672260042413D /* findMyAgeTests.swift in Sources */ = {isa = PBXBuildFile; fileRef = 27CDACFC1FC672260042413D /* findMyAgeTests.swift */; };
		27CDAD081FC672260042413D /* findMyAgeUITests.swift in Sources */ = {isa = PBXBuildFile; fileRef = 27CDAD071FC672260042413D /* findMyAgeUITests.swift */; };
/* End PBXBuildFile section */

/* Begin PBXContainerItemProxy section */
		27CDACF91FC672260042413D /* PBXContainerItemProxy */ = {
			isa = PBXContainerItemProxy;
			containerPortal = 27CDACDC1FC672260042413D /* Project object */;
			proxyType = 1;
			remoteGlobalIDString = 27CDACE31FC672260042413D;
			remoteInfo = findMyAge;
		};
		27CDAD041FC672260042413D /* PBXContainerItemProxy */ = {
			isa = PBXContainerItemProxy;
			containerPortal = 27CDACDC1FC672260042413D /* Project object */;
			proxyType = 1;
			remoteGlobalIDString = 27CDACE31FC672260042413D;
			remoteInfo = findMyAge;
		};
/* End PBXContainerItemProxy section */

/* Begin PBXFileReference section */
		27CDACE41FC672260042413D /* findMyAge.app */ = {isa = PBXFileReference; explicitFileType = wrapper.application; includeInIndex = 0; path = findMyAge.app; sourceTree = BUILT_PRODUCTS_DIR; };
		27CDACE71FC672260042413D /* AppDelegate.swift */ = {isa = PBXFileReference; lastKnownFileType = sourcecode.swift; path = AppDelegate.swift; sourceTree = "<group>"; };
		27CDACE91FC672260042413D /* ViewController.swift */ = {isa = PBXFileReference; lastKnownFileType = sourcecode.swift; path = ViewController.swift; sourceTree = "<group>"; };
		27CDACEC1FC672260042413D /* Base */ = {isa = PBXFileReference; lastKnownFileType = file.storyboard; name = Base; path = Base.lproj/Main.storyboard; sourceTree = "<group>"; };
		27CDACEE1FC672260042413D /* Assets.xcassets */ = {isa = PBXFileReference; lastKnownFileType = folder.assetcatalog; path = Assets.xcassets; sourceTree = "<group>"; };
		27CDACF11FC672260042413D /* Base */ = {isa = PBXFileReference; lastKnownFileType = file.storyboard; name = Base; path = Base.lproj/LaunchScreen.storyboard; sourceTree = "<group>"; };
		27CDACF31FC672260042413D /* Info.plist */ = {isa = PBXFileReference; lastKnownFileType = text.plist.xml; path = Info.plist; sourceTree = "<group>"; };
		27CDACF81FC672260042413D /* findMyAgeTests.xctest */ = {isa = PBXFileReference; explicitFileType = wrapper.cfbundle; includeInIndex = 0; path = findMyAgeTests.xctest; sourceTree = BUILT_PRODUCTS_DIR; };
		27CDACFC1FC672260042413D /* findMyAgeTests.swift */ = {isa = PBXFileReference; lastKnownFileType = sourcecode.swift; path = findMyAgeTests.swift; sourceTree = "<group>"; };
		27CDACFE1FC672260042413D /* Info.plist */ = {isa = PBXFileReference; lastKnownFileType = text.plist.xml; path = Info.plist; sourceTree = "<group>"; };
		27CDAD031FC672260042413D /* findMyAgeUITests.xctest */ = {isa = PBXFileReference; explicitFileType = wrapper.cfbundle; includeInIndex = 0; path = findMyAgeUITests.xctest; sourceTree = BUILT_PRODUCTS_DIR; };
		27CDAD071FC672260042413D /* findMyAgeUITests.swift */ = {isa = PBXFileReference; lastKnownFileType = sourcecode.swift; path = findMyAgeUITests.swift; sourceTree = "<group>"; };
		27CDAD091FC672260042413D /* Info.plist */ = {isa = PBXFileReference; lastKnownFileType = text.plist.xml; path = Info.plist; sourceTree = "<group>"; };
/* End PBXFileReference section */

/* Begin PBXFrameworksBuildPhase section */
		27CDACE11FC672260042413D /* Frameworks */ = {
			isa = PBXFrameworksBuildPhase;
			buildActionMask = 2147483647;
			files = (
			);
			runOnlyForDeploymentPostprocessing = 0;
		};
		27CDACF51FC672260042413D /* Frameworks */ = {
			isa = PBXFrameworksBuildPhase;
			buildActionMask = 2147483647;
			files = (
			);
			runOnlyForDeploymentPostprocessing = 0;
		};
		27CDAD001FC672260042413D /* Frameworks */ = {
			isa = PBXFrameworksBuildPhase;
			buildActionMask = 2147483647;
			files = (
			);
			runOnlyForDeploymentPostprocessing = 0;
		};
/* End PBXFrameworksBuildPhase section */

/* Begin PBXGroup section */
		27CDACDB1FC672260042413D = {
			isa = PBXGroup;
			children = (
				27CDACE61FC672260042413D /* findMyAge */,
				27CDACFB1FC672260042413D /* findMyAgeTests */,
				27CDAD061FC672260042413D /* findMyAgeUITests */,
				27CDACE51FC672260042413D /* Products */,
			);
			sourceTree = "<group>";
		};
		27CDACE51FC672260042413D /* Products */ = {
			isa = PBXGroup;
			children = (
				27CDACE41FC672260042413D /* findMyAge.app */,
				27CDACF81FC672260042413D /* findMyAgeTests.xctest */,
				27CDAD031FC672260042413D /* findMyAgeUITests.xctest */,
			);
			name = Products;
			sourceTree = "<group>";
		};
		27CDACE61FC672260042413D /* findMyAge */ = {
			isa = PBXGroup;
			children = (
				27CDACE71FC672260042413D /* AppDelegate.swift */,
				27CDACE91FC672260042413D /* ViewController.swift */,
				27CDACEB1FC672260042413D /* Main.storyboard */,
				27CDACEE1FC672260042413D /* Assets.xcassets */,
				27CDACF01FC672260042413D /* LaunchScreen.storyboard */,
				27CDACF31FC672260042413D /* Info.plist */,
			);
			path = findMyAge;
			sourceTree = "<group>";
		};
		27CDACFB1FC672260042413D /* findMyAgeTests */ = {
			isa = PBXGroup;
			children = (
				27CDACFC1FC672260042413D /* findMyAgeTests.swift */,
				27CDACFE1FC672260042413D /* Info.plist */,
			);
			path = findMyAgeTests;
			sourceTree = "<group>";
		};
		27CDAD061FC672260042413D /* findMyAgeUITests */ = {
			isa = PBXGroup;
			children = (
				27CDAD071FC672260042413D /* findMyAgeUITests.swift */,
				27CDAD091FC672260042413D /* Info.plist */,
			);
			path = findMyAgeUITests;
			sourceTree = "<group>";
		};
/* End PBXGroup section */

/* Begin PBXNativeTarget section */
		27CDACE31FC672260042413D /* findMyAge */ = {
			isa = PBXNativeTarget;
			buildConfigurationList = 27CDAD0C1FC672260042413D /* Build configuration list for PBXNativeTarget "findMyAge" */;
			buildPhases = (
				27CDACE01FC672260042413D /* Sources */,
				27CDACE11FC672260042413D /* Frameworks */,
				27CDACE21FC672260042413D /* Resources */,
			);
			buildRules = (
			);
			dependencies = (
			);
			name = findMyAge;
			productName = findMyAge;
			productReference = 27CDACE41FC672260042413D /* findMyAge.app */;
			productType = "com.apple.product-type.application";
		};
		27CDACF71FC672260042413D /* findMyAgeTests */ = {
			isa = PBXNativeTarget;
			buildConfigurationList = 27CDAD0F1FC672260042413D /* Build configuration list for PBXNativeTarget "findMyAgeTests" */;
			buildPhases = (
				27CDACF41FC672260042413D /* Sources */,
				27CDACF51FC672260042413D /* Frameworks */,
				27CDACF61FC672260042413D /* Resources */,
			);
			buildRules = (
			);
			dependencies = (
				27CDACFA1FC672260042413D /* PBXTargetDependency */,
			);
			name = findMyAgeTests;
			productName = findMyAgeTests;
			productReference = 27CDACF81FC672260042413D /* findMyAgeTests.xctest */;
			productType = "com.apple.product-type.bundle.unit-test";
		};
		27CDAD021FC672260042413D /* findMyAgeUITests */ = {
			isa = PBXNativeTarget;
			buildConfigurationList = 27CDAD121FC672260042413D /* Build configuration list for PBXNativeTarget "findMyAgeUITests" */;
			buildPhases = (
				27CDACFF1FC672260042413D /* Sources */,
				27CDAD001FC672260042413D /* Frameworks */,
				27CDAD011FC672260042413D /* Resources */,
			);
			buildRules = (
			);
			dependencies = (
				27CDAD051FC672260042413D /* PBXTargetDependency */,
			);
			name = findMyAgeUITests;
			productName = findMyAgeUITests;
			productReference = 27CDAD031FC672260042413D /* findMyAgeUITests.xctest */;
			productType = "com.apple.product-type.bundle.ui-testing";
		};
/* End PBXNativeTarget section */

/* Begin PBXProject section */
		27CDACDC1FC672260042413D /* Project object */ = {
			isa = PBXProject;
			attributes = {
				LastSwiftUpdateCheck = 0830;
				LastUpgradeCheck = 0830;
				ORGANIZATIONNAME = "Seonghun Park";
				TargetAttributes = {
					27CDACE31FC672260042413D = {
						CreatedOnToolsVersion = 8.3.3;
						ProvisioningStyle = Automatic;
					};
					27CDACF71FC672260042413D = {
						CreatedOnToolsVersion = 8.3.3;
						ProvisioningStyle = Automatic;
						TestTargetID = 27CDACE31FC672260042413D;
					};
					27CDAD021FC672260042413D = {
						CreatedOnToolsVersion = 8.3.3;
						ProvisioningStyle = Automatic;
						TestTargetID = 27CDACE31FC672260042413D;
					};
				};
			};
			buildConfigurationList = 27CDACDF1FC672260042413D /* Build configuration list for PBXProject "findMyAge" */;
			compatibilityVersion = "Xcode 3.2";
			developmentRegion = English;
			hasScannedForEncodings = 0;
			knownRegions = (
				en,
				Base,
			);
			mainGroup = 27CDACDB1FC672260042413D;
			productRefGroup = 27CDACE51FC672260042413D /* Products */;
			projectDirPath = "";
			projectRoot = "";
			targets = (
				27CDACE31FC672260042413D /* findMyAge */,
				27CDACF71FC672260042413D /* findMyAgeTests */,
				27CDAD021FC672260042413D /* findMyAgeUITests */,
			);
		};
/* End PBXProject section */

/* Begin PBXResourcesBuildPhase section */
		27CDACE21FC672260042413D /* Resources */ = {
			isa = PBXResourcesBuildPhase;
			buildActionMask = 2147483647;
			files = (
				27CDACF21FC672260042413D /* LaunchScreen.storyboard in Resources */,
				27CDACEF1FC672260042413D /* Assets.xcassets in Resources */,
				27CDACED1FC672260042413D /* Main.storyboard in Resources */,
			);
			runOnlyForDeploymentPostprocessing = 0;
		};
		27CDACF61FC672260042413D /* Resources */ = {
			isa = PBXResourcesBuildPhase;
			buildActionMask = 2147483647;
			files = (
			);
			runOnlyForDeploymentPostprocessing = 0;
		};
		27CDAD011FC672260042413D /* Resources */ = {
			isa = PBXResourcesBuildPhase;
			buildActionMask = 2147483647;
			files = (
			);
			runOnlyForDeploymentPostprocessing = 0;
		};
/* End PBXResourcesBuildPhase section */

/* Begin PBXSourcesBuildPhase section */
		27CDACE01FC672260042413D /* Sources */ = {
			isa = PBXSourcesBuildPhase;
			buildActionMask = 2147483647;
			files = (
				27CDACEA1FC672260042413D /* ViewController.swift in Sources */,
				27CDACE81FC672260042413D /* AppDelegate.swift in Sources */,
			);
			runOnlyForDeploymentPostprocessing = 0;
		};
		27CDACF41FC672260042413D /* Sources */ = {
			isa = PBXSourcesBuildPhase;
			buildActionMask = 2147483647;
			files = (
				27CDACFD1FC672260042413D /* findMyAgeTests.swift in Sources */,
			);
			runOnlyForDeploymentPostprocessing = 0;
		};
		27CDACFF1FC672260042413D /* Sources */ = {
			isa = PBXSourcesBuildPhase;
			buildActionMask = 2147483647;
			files = (
				27CDAD081FC672260042413D /* findMyAgeUITests.swift in Sources */,
			);
			runOnlyForDeploymentPostprocessing = 0;
		};
/* End PBXSourcesBuildPhase section */

/* Begin PBXTargetDependency section */
		27CDACFA1FC672260042413D /* PBXTargetDependency */ = {
			isa = PBXTargetDependency;
			target = 27CDACE31FC672260042413D /* findMyAge */;
			targetProxy = 27CDACF91FC672260042413D /* PBXContainerItemProxy */;
		};
		27CDAD051FC672260042413D /* PBXTargetDependency */ = {
			isa = PBXTargetDependency;
			target = 27CDACE31FC672260042413D /* findMyAge */;
			targetProxy = 27CDAD041FC672260042413D /* PBXContainerItemProxy */;
		};
/* End PBXTargetDependency section */

/* Begin PBXVariantGroup section */
		27CDACEB1FC672260042413D /* Main.storyboard */ = {
			isa = PBXVariantGroup;
			children = (
				27CDACEC1FC672260042413D /* Base */,
			);
			name = Main.storyboard;
			sourceTree = "<group>";
		};
		27CDACF01FC672260042413D /* LaunchScreen.storyboard */ = {
			isa = PBXVariantGroup;
			children = (
				27CDACF11FC672260042413D /* Base */,
			);
			name = LaunchScreen.storyboard;
			sourceTree = "<group>";
		};
/* End PBXVariantGroup section */

/* Begin XCBuildConfiguration section */
		27CDAD0A1FC672260042413D /* Debug */ = {
			isa = XCBuildConfiguration;
			buildSettings = {
				ALWAYS_SEARCH_USER_PATHS = NO;
				CLANG_ANALYZER_NONNULL = YES;
				CLANG_ANALYZER_NUMBER_OBJECT_CONVERSION = YES_AGGRESSIVE;
				CLANG_CXX_LANGUAGE_STANDARD = "gnu++0x";
				CLANG_CXX_LIBRARY = "libc++";
				CLANG_ENABLE_MODULES = YES;
				CLANG_ENABLE_OBJC_ARC = YES;
				CLANG_WARN_BOOL_CONVERSION = YES;
				CLANG_WARN_CONSTANT_CONVERSION = YES;
				CLANG_WARN_DIRECT_OBJC_ISA_USAGE = YES_ERROR;
				CLANG_WARN_DOCUMENTATION_COMMENTS = YES;
				CLANG_WARN_EMPTY_BODY = YES;
				CLANG_WARN_ENUM_CONVERSION = YES;
				CLANG_WARN_INFINITE_RECURSION = YES;
				CLANG_WARN_INT_CONVERSION = YES;
				CLANG_WARN_OBJC_ROOT_CLASS = YES_ERROR;
				CLANG_WARN_SUSPICIOUS_MOVE = YES;
				CLANG_WARN_UNREACHABLE_CODE = YES;
				CLANG_WARN__DUPLICATE_METHOD_MATCH = YES;
				"CODE_SIGN_IDENTITY[sdk=iphoneos*]" = "iPhone Developer";
				COPY_PHASE_STRIP = NO;
				DEBUG_INFORMATION_FORMAT = dwarf;
				ENABLE_STRICT_OBJC_MSGSEND = YES;
				ENABLE_TESTABILITY = YES;
				GCC_C_LANGUAGE_STANDARD = gnu99;
				GCC_DYNAMIC_NO_PIC = NO;
				GCC_NO_COMMON_BLOCKS = YES;
				GCC_OPTIMIZATION_LEVEL = 0;
				GCC_PREPROCESSOR_DEFINITIONS = (
					"DEBUG=1",
					"$(inherited)",
				);
				GCC_WARN_64_TO_32_BIT_CONVERSION = YES;
				GCC_WARN_ABOUT_RETURN_TYPE = YES_ERROR;
				GCC_WARN_UNDECLARED_SELECTOR = YES;
				GCC_WARN_UNINITIALIZED_AUTOS = YES_AGGRESSIVE;
				GCC_WARN_UNUSED_FUNCTION = YES;
				GCC_WARN_UNUSED_VARIABLE = YES;
				IPHONEOS_DEPLOYMENT_TARGET = 10.3;
				MTL_ENABLE_DEBUG_INFO = YES;
				ONLY_ACTIVE_ARCH = YES;
				SDKROOT = iphoneos;
				SWIFT_ACTIVE_COMPILATION_CONDITIONS = DEBUG;
				SWIFT_OPTIMIZATION_LEVEL = "-Onone";
				TARGETED_DEVICE_FAMILY = "1,2";
			};
			name = Debug;
		};
		27CDAD0B1FC672260042413D /* Release */ = {
			isa = XCBuildConfiguration;
			buildSettings = {
				ALWAYS_SEARCH_USER_PATHS = NO;
				CLANG_ANALYZER_NONNULL = YES;
				CLANG_ANALYZER_NUMBER_OBJECT_CONVERSION = YES_AGGRESSIVE;
				CLANG_CXX_LANGUAGE_STANDARD = "gnu++0x";
				CLANG_CXX_LIBRARY = "libc++";
				CLANG_ENABLE_MODULES = YES;
				CLANG_ENABLE_OBJC_ARC = YES;
				CLANG_WARN_BOOL_CONVERSION = YES;
				CLANG_WARN_CONSTANT_CONVERSION = YES;
				CLANG_WARN_DIRECT_OBJC_ISA_USAGE = YES_ERROR;
				CLANG_WARN_DOCUMENTATION_COMMENTS = YES;
				CLANG_WARN_EMPTY_BODY = YES;
				CLANG_WARN_ENUM_CONVERSION = YES;
				CLANG_WARN_INFINITE_RECURSION = YES;
				CLANG_WARN_INT_CONVERSION = YES;
				CLANG_WARN_OBJC_ROOT_CLASS = YES_ERROR;
				CLANG_WARN_SUSPICIOUS_MOVE = YES;
				CLANG_WARN_UNREACHABLE_CODE = YES;
				CLANG_WARN__DUPLICATE_METHOD_MATCH = YES;
				"CODE_SIGN_IDENTITY[sdk=iphoneos*]" = "iPhone Developer";
				COPY_PHASE_STRIP = NO;
				DEBUG_INFORMATION_FORMAT = "dwarf-with-dsym";
				ENABLE_NS_ASSERTIONS = NO;
				ENABLE_STRICT_OBJC_MSGSEND = YES;
				GCC_C_LANGUAGE_STANDARD = gnu99;
				GCC_NO_COMMON_BLOCKS = YES;
				GCC_WARN_64_TO_32_BIT_CONVERSION = YES;
				GCC_WARN_ABOUT_RETURN_TYPE = YES_ERROR;
				GCC_WARN_UNDECLARED_SELECTOR = YES;
				GCC_WARN_UNINITIALIZED_AUTOS = YES_AGGRESSIVE;
				GCC_WARN_UNUSED_FUNCTION = YES;
				GCC_WARN_UNUSED_VARIABLE = YES;
				IPHONEOS_DEPLOYMENT_TARGET = 10.3;
				MTL_ENABLE_DEBUG_INFO = NO;
				SDKROOT = iphoneos;
				SWIFT_OPTIMIZATION_LEVEL = "-Owholemodule";
				TARGETED_DEVICE_FAMILY = "1,2";
				VALIDATE_PRODUCT = YES;
			};
			name = Release;
		};
		27CDAD0D1FC672260042413D /* Debug */ = {
			isa = XCBuildConfiguration;
			buildSettings = {
				ASSETCATALOG_COMPILER_APPICON_NAME = AppIcon;
				INFOPLIST_FILE = findMyAge/Info.plist;
				LD_RUNPATH_SEARCH_PATHS = "$(inherited) @executable_path/Frameworks";
				PRODUCT_BUNDLE_IDENTIFIER = Openull.findMyAge;
				PRODUCT_NAME = "$(TARGET_NAME)";
				SWIFT_VERSION = 3.0;
			};
			name = Debug;
		};
		27CDAD0E1FC672260042413D /* Release */ = {
			isa = XCBuildConfiguration;
			buildSettings = {
				ASSETCATALOG_COMPILER_APPICON_NAME = AppIcon;
				INFOPLIST_FILE = findMyAge/Info.plist;
				LD_RUNPATH_SEARCH_PATHS = "$(inherited) @executable_path/Frameworks";
				PRODUCT_BUNDLE_IDENTIFIER = Openull.findMyAge;
				PRODUCT_NAME = "$(TARGET_NAME)";
				SWIFT_VERSION = 3.0;
			};
			name = Release;
		};
		27CDAD101FC672260042413D /* Debug */ = {
			isa = XCBuildConfiguration;
			buildSettings = {
				ALWAYS_EMBED_SWIFT_STANDARD_LIBRARIES = YES;
				BUNDLE_LOADER = "$(TEST_HOST)";
				INFOPLIST_FILE = findMyAgeTests/Info.plist;
				LD_RUNPATH_SEARCH_PATHS = "$(inherited) @executable_path/Frameworks @loader_path/Frameworks";
				PRODUCT_BUNDLE_IDENTIFIER = Openull.findMyAgeTests;
				PRODUCT_NAME = "$(TARGET_NAME)";
				SWIFT_VERSION = 3.0;
				TEST_HOST = "$(BUILT_PRODUCTS_DIR)/findMyAge.app/findMyAge";
			};
			name = Debug;
		};
		27CDAD111FC672260042413D /* Release */ = {
			isa = XCBuildConfiguration;
			buildSettings = {
				ALWAYS_EMBED_SWIFT_STANDARD_LIBRARIES = YES;
				BUNDLE_LOADER = "$(TEST_HOST)";
				INFOPLIST_FILE = findMyAgeTests/Info.plist;
				LD_RUNPATH_SEARCH_PATHS = "$(inherited) @executable_path/Frameworks @loader_path/Frameworks";
				PRODUCT_BUNDLE_IDENTIFIER = Openull.findMyAgeTests;
				PRODUCT_NAME = "$(TARGET_NAME)";
				SWIFT_VERSION = 3.0;
				TEST_HOST = "$(BUILT_PRODUCTS_DIR)/findMyAge.app/findMyAge";
			};
			name = Release;
		};
		27CDAD131FC672260042413D /* Debug */ = {
			isa = XCBuildConfiguration;
			buildSettings = {
				ALWAYS_EMBED_SWIFT_STANDARD_LIBRARIES = YES;
				INFOPLIST_FILE = findMyAgeUITests/Info.plist;
				LD_RUNPATH_SEARCH_PATHS = "$(inherited) @executable_path/Frameworks @loader_path/Frameworks";
				PRODUCT_BUNDLE_IDENTIFIER = Openull.findMyAgeUITests;
				PRODUCT_NAME = "$(TARGET_NAME)";
				SWIFT_VERSION = 3.0;
				TEST_TARGET_NAME = findMyAge;
			};
			name = Debug;
		};
		27CDAD141FC672260042413D /* Release */ = {
			isa = XCBuildConfiguration;
			buildSettings = {
				ALWAYS_EMBED_SWIFT_STANDARD_LIBRARIES = YES;
				INFOPLIST_FILE = findMyAgeUITests/Info.plist;
				LD_RUNPATH_SEARCH_PATHS = "$(inherited) @executable_path/Frameworks @loader_path/Frameworks";
				PRODUCT_BUNDLE_IDENTIFIER = Openull.findMyAgeUITests;
				PRODUCT_NAME = "$(TARGET_NAME)";
				SWIFT_VERSION = 3.0;
				TEST_TARGET_NAME = findMyAge;
			};
			name = Release;
		};
/* End XCBuildConfiguration section */

/* Begin XCConfigurationList section */
		27CDACDF1FC672260042413D /* Build configuration list for PBXProject "findMyAge" */ = {
			isa = XCConfigurationList;
			buildConfigurations = (
				27CDAD0A1FC672260042413D /* Debug */,
				27CDAD0B1FC672260042413D /* Release */,
			);
			defaultConfigurationIsVisible = 0;
			defaultConfigurationName = Release;
		};
		27CDAD0C1FC672260042413D /* Build configuration list for PBXNativeTarget "findMyAge" */ = {
			isa = XCConfigurationList;
			buildConfigurations = (
				27CDAD0D1FC672260042413D /* Debug */,
				27CDAD0E1FC672260042413D /* Release */,
			);
			defaultConfigurationIsVisible = 0;
		};
		27CDAD0F1FC672260042413D /* Build configuration list for PBXNativeTarget "findMyAgeTests" */ = {
			isa = XCConfigurationList;
			buildConfigurations = (
				27CDAD101FC672260042413D /* Debug */,
				27CDAD111FC672260042413D /* Release */,
			);
			defaultConfigurationIsVisible = 0;
		};
		27CDAD121FC672260042413D /* Build configuration list for PBXNativeTarget "findMyAgeUITests" */ = {
			isa = XCConfigurationList;
			buildConfigurations = (
				27CDAD131FC672260042413D /* Debug */,
				27CDAD141FC672260042413D /* Release */,
			);
			defaultConfigurationIsVisible = 0;
		};
/* End XCConfigurationList section */
	};
	rootObject = 27CDACDC1FC672260042413D /* Project object */;
}
