// !$*UTF8*$!
{
	archiveVersion = 1;
	classes = {
	};
	objectVersion = 46;
	objects = {

/* Begin PBXBuildFile section */
		27BAAA951FC9120F000A4F8A /* AppDelegate.swift in Sources */ = {isa = PBXBuildFile; fileRef = 27BAAA941FC9120F000A4F8A /* AppDelegate.swift */; };
		27BAAA971FC9120F000A4F8A /* ViewController.swift in Sources */ = {isa = PBXBuildFile; fileRef = 27BAAA961FC9120F000A4F8A /* ViewController.swift */; };
		27BAAA9A1FC9120F000A4F8A /* Main.storyboard in Resources */ = {isa = PBXBuildFile; fileRef = 27BAAA981FC9120F000A4F8A /* Main.storyboard */; };
		27BAAA9C1FC9120F000A4F8A /* Assets.xcassets in Resources */ = {isa = PBXBuildFile; fileRef = 27BAAA9B1FC9120F000A4F8A /* Assets.xcassets */; };
		27BAAA9F1FC9120F000A4F8A /* LaunchScreen.storyboard in Resources */ = {isa = PBXBuildFile; fileRef = 27BAAA9D1FC9120F000A4F8A /* LaunchScreen.storyboard */; };
		27BAAAAA1FC9120F000A4F8A /* CalculatorTests.swift in Sources */ = {isa = PBXBuildFile; fileRef = 27BAAAA91FC9120F000A4F8A /* CalculatorTests.swift */; };
		27BAAAB51FC9120F000A4F8A /* CalculatorUITests.swift in Sources */ = {isa = PBXBuildFile; fileRef = 27BAAAB41FC9120F000A4F8A /* CalculatorUITests.swift */; };
/* End PBXBuildFile section */

/* Begin PBXContainerItemProxy section */
		27BAAAA61FC9120F000A4F8A /* PBXContainerItemProxy */ = {
			isa = PBXContainerItemProxy;
			containerPortal = 27BAAA891FC9120F000A4F8A /* Project object */;
			proxyType = 1;
			remoteGlobalIDString = 27BAAA901FC9120F000A4F8A;
			remoteInfo = Calculator;
		};
		27BAAAB11FC9120F000A4F8A /* PBXContainerItemProxy */ = {
			isa = PBXContainerItemProxy;
			containerPortal = 27BAAA891FC9120F000A4F8A /* Project object */;
			proxyType = 1;
			remoteGlobalIDString = 27BAAA901FC9120F000A4F8A;
			remoteInfo = Calculator;
		};
/* End PBXContainerItemProxy section */

/* Begin PBXFileReference section */
		27BAAA911FC9120F000A4F8A /* Calculator.app */ = {isa = PBXFileReference; explicitFileType = wrapper.application; includeInIndex = 0; path = Calculator.app; sourceTree = BUILT_PRODUCTS_DIR; };
		27BAAA941FC9120F000A4F8A /* AppDelegate.swift */ = {isa = PBXFileReference; lastKnownFileType = sourcecode.swift; path = AppDelegate.swift; sourceTree = "<group>"; };
		27BAAA961FC9120F000A4F8A /* ViewController.swift */ = {isa = PBXFileReference; lastKnownFileType = sourcecode.swift; path = ViewController.swift; sourceTree = "<group>"; };
		27BAAA991FC9120F000A4F8A /* Base */ = {isa = PBXFileReference; lastKnownFileType = file.storyboard; name = Base; path = Base.lproj/Main.storyboard; sourceTree = "<group>"; };
		27BAAA9B1FC9120F000A4F8A /* Assets.xcassets */ = {isa = PBXFileReference; lastKnownFileType = folder.assetcatalog; path = Assets.xcassets; sourceTree = "<group>"; };
		27BAAA9E1FC9120F000A4F8A /* Base */ = {isa = PBXFileReference; lastKnownFileType = file.storyboard; name = Base; path = Base.lproj/LaunchScreen.storyboard; sourceTree = "<group>"; };
		27BAAAA01FC9120F000A4F8A /* Info.plist */ = {isa = PBXFileReference; lastKnownFileType = text.plist.xml; path = Info.plist; sourceTree = "<group>"; };
		27BAAAA51FC9120F000A4F8A /* CalculatorTests.xctest */ = {isa = PBXFileReference; explicitFileType = wrapper.cfbundle; includeInIndex = 0; path = CalculatorTests.xctest; sourceTree = BUILT_PRODUCTS_DIR; };
		27BAAAA91FC9120F000A4F8A /* CalculatorTests.swift */ = {isa = PBXFileReference; lastKnownFileType = sourcecode.swift; path = CalculatorTests.swift; sourceTree = "<group>"; };
		27BAAAAB1FC9120F000A4F8A /* Info.plist */ = {isa = PBXFileReference; lastKnownFileType = text.plist.xml; path = Info.plist; sourceTree = "<group>"; };
		27BAAAB01FC9120F000A4F8A /* CalculatorUITests.xctest */ = {isa = PBXFileReference; explicitFileType = wrapper.cfbundle; includeInIndex = 0; path = CalculatorUITests.xctest; sourceTree = BUILT_PRODUCTS_DIR; };
		27BAAAB41FC9120F000A4F8A /* CalculatorUITests.swift */ = {isa = PBXFileReference; lastKnownFileType = sourcecode.swift; path = CalculatorUITests.swift; sourceTree = "<group>"; };
		27BAAAB61FC9120F000A4F8A /* Info.plist */ = {isa = PBXFileReference; lastKnownFileType = text.plist.xml; path = Info.plist; sourceTree = "<group>"; };
/* End PBXFileReference section */

/* Begin PBXFrameworksBuildPhase section */
		27BAAA8E1FC9120F000A4F8A /* Frameworks */ = {
			isa = PBXFrameworksBuildPhase;
			buildActionMask = 2147483647;
			files = (
			);
			runOnlyForDeploymentPostprocessing = 0;
		};
		27BAAAA21FC9120F000A4F8A /* Frameworks */ = {
			isa = PBXFrameworksBuildPhase;
			buildActionMask = 2147483647;
			files = (
			);
			runOnlyForDeploymentPostprocessing = 0;
		};
		27BAAAAD1FC9120F000A4F8A /* Frameworks */ = {
			isa = PBXFrameworksBuildPhase;
			buildActionMask = 2147483647;
			files = (
			);
			runOnlyForDeploymentPostprocessing = 0;
		};
/* End PBXFrameworksBuildPhase section */

/* Begin PBXGroup section */
		27BAAA881FC9120F000A4F8A = {
			isa = PBXGroup;
			children = (
				27BAAA931FC9120F000A4F8A /* Calculator */,
				27BAAAA81FC9120F000A4F8A /* CalculatorTests */,
				27BAAAB31FC9120F000A4F8A /* CalculatorUITests */,
				27BAAA921FC9120F000A4F8A /* Products */,
			);
			sourceTree = "<group>";
		};
		27BAAA921FC9120F000A4F8A /* Products */ = {
			isa = PBXGroup;
			children = (
				27BAAA911FC9120F000A4F8A /* Calculator.app */,
				27BAAAA51FC9120F000A4F8A /* CalculatorTests.xctest */,
				27BAAAB01FC9120F000A4F8A /* CalculatorUITests.xctest */,
			);
			name = Products;
			sourceTree = "<group>";
		};
		27BAAA931FC9120F000A4F8A /* Calculator */ = {
			isa = PBXGroup;
			children = (
				27BAAA941FC9120F000A4F8A /* AppDelegate.swift */,
				27BAAA961FC9120F000A4F8A /* ViewController.swift */,
				27BAAA981FC9120F000A4F8A /* Main.storyboard */,
				27BAAA9B1FC9120F000A4F8A /* Assets.xcassets */,
				27BAAA9D1FC9120F000A4F8A /* LaunchScreen.storyboard */,
				27BAAAA01FC9120F000A4F8A /* Info.plist */,
			);
			path = Calculator;
			sourceTree = "<group>";
		};
		27BAAAA81FC9120F000A4F8A /* CalculatorTests */ = {
			isa = PBXGroup;
			children = (
				27BAAAA91FC9120F000A4F8A /* CalculatorTests.swift */,
				27BAAAAB1FC9120F000A4F8A /* Info.plist */,
			);
			path = CalculatorTests;
			sourceTree = "<group>";
		};
		27BAAAB31FC9120F000A4F8A /* CalculatorUITests */ = {
			isa = PBXGroup;
			children = (
				27BAAAB41FC9120F000A4F8A /* CalculatorUITests.swift */,
				27BAAAB61FC9120F000A4F8A /* Info.plist */,
			);
			path = CalculatorUITests;
			sourceTree = "<group>";
		};
/* End PBXGroup section */

/* Begin PBXNativeTarget section */
		27BAAA901FC9120F000A4F8A /* Calculator */ = {
			isa = PBXNativeTarget;
			buildConfigurationList = 27BAAAB91FC9120F000A4F8A /* Build configuration list for PBXNativeTarget "Calculator" */;
			buildPhases = (
				27BAAA8D1FC9120F000A4F8A /* Sources */,
				27BAAA8E1FC9120F000A4F8A /* Frameworks */,
				27BAAA8F1FC9120F000A4F8A /* Resources */,
			);
			buildRules = (
			);
			dependencies = (
			);
			name = Calculator;
			productName = Calculator;
			productReference = 27BAAA911FC9120F000A4F8A /* Calculator.app */;
			productType = "com.apple.product-type.application";
		};
		27BAAAA41FC9120F000A4F8A /* CalculatorTests */ = {
			isa = PBXNativeTarget;
			buildConfigurationList = 27BAAABC1FC9120F000A4F8A /* Build configuration list for PBXNativeTarget "CalculatorTests" */;
			buildPhases = (
				27BAAAA11FC9120F000A4F8A /* Sources */,
				27BAAAA21FC9120F000A4F8A /* Frameworks */,
				27BAAAA31FC9120F000A4F8A /* Resources */,
			);
			buildRules = (
			);
			dependencies = (
				27BAAAA71FC9120F000A4F8A /* PBXTargetDependency */,
			);
			name = CalculatorTests;
			productName = CalculatorTests;
			productReference = 27BAAAA51FC9120F000A4F8A /* CalculatorTests.xctest */;
			productType = "com.apple.product-type.bundle.unit-test";
		};
		27BAAAAF1FC9120F000A4F8A /* CalculatorUITests */ = {
			isa = PBXNativeTarget;
			buildConfigurationList = 27BAAABF1FC9120F000A4F8A /* Build configuration list for PBXNativeTarget "CalculatorUITests" */;
			buildPhases = (
				27BAAAAC1FC9120F000A4F8A /* Sources */,
				27BAAAAD1FC9120F000A4F8A /* Frameworks */,
				27BAAAAE1FC9120F000A4F8A /* Resources */,
			);
			buildRules = (
			);
			dependencies = (
				27BAAAB21FC9120F000A4F8A /* PBXTargetDependency */,
			);
			name = CalculatorUITests;
			productName = CalculatorUITests;
			productReference = 27BAAAB01FC9120F000A4F8A /* CalculatorUITests.xctest */;
			productType = "com.apple.product-type.bundle.ui-testing";
		};
/* End PBXNativeTarget section */

/* Begin PBXProject section */
		27BAAA891FC9120F000A4F8A /* Project object */ = {
			isa = PBXProject;
			attributes = {
				LastSwiftUpdateCheck = 0830;
				LastUpgradeCheck = 0830;
				ORGANIZATIONNAME = "Seonghun Park";
				TargetAttributes = {
					27BAAA901FC9120F000A4F8A = {
						CreatedOnToolsVersion = 8.3.3;
						ProvisioningStyle = Automatic;
					};
					27BAAAA41FC9120F000A4F8A = {
						CreatedOnToolsVersion = 8.3.3;
						ProvisioningStyle = Automatic;
						TestTargetID = 27BAAA901FC9120F000A4F8A;
					};
					27BAAAAF1FC9120F000A4F8A = {
						CreatedOnToolsVersion = 8.3.3;
						ProvisioningStyle = Automatic;
						TestTargetID = 27BAAA901FC9120F000A4F8A;
					};
				};
			};
			buildConfigurationList = 27BAAA8C1FC9120F000A4F8A /* Build configuration list for PBXProject "Calculator" */;
			compatibilityVersion = "Xcode 3.2";
			developmentRegion = English;
			hasScannedForEncodings = 0;
			knownRegions = (
				en,
				Base,
			);
			mainGroup = 27BAAA881FC9120F000A4F8A;
			productRefGroup = 27BAAA921FC9120F000A4F8A /* Products */;
			projectDirPath = "";
			projectRoot = "";
			targets = (
				27BAAA901FC9120F000A4F8A /* Calculator */,
				27BAAAA41FC9120F000A4F8A /* CalculatorTests */,
				27BAAAAF1FC9120F000A4F8A /* CalculatorUITests */,
			);
		};
/* End PBXProject section */

/* Begin PBXResourcesBuildPhase section */
		27BAAA8F1FC9120F000A4F8A /* Resources */ = {
			isa = PBXResourcesBuildPhase;
			buildActionMask = 2147483647;
			files = (
				27BAAA9F1FC9120F000A4F8A /* LaunchScreen.storyboard in Resources */,
				27BAAA9C1FC9120F000A4F8A /* Assets.xcassets in Resources */,
				27BAAA9A1FC9120F000A4F8A /* Main.storyboard in Resources */,
			);
			runOnlyForDeploymentPostprocessing = 0;
		};
		27BAAAA31FC9120F000A4F8A /* Resources */ = {
			isa = PBXResourcesBuildPhase;
			buildActionMask = 2147483647;
			files = (
			);
			runOnlyForDeploymentPostprocessing = 0;
		};
		27BAAAAE1FC9120F000A4F8A /* Resources */ = {
			isa = PBXResourcesBuildPhase;
			buildActionMask = 2147483647;
			files = (
			);
			runOnlyForDeploymentPostprocessing = 0;
		};
/* End PBXResourcesBuildPhase section */

/* Begin PBXSourcesBuildPhase section */
		27BAAA8D1FC9120F000A4F8A /* Sources */ = {
			isa = PBXSourcesBuildPhase;
			buildActionMask = 2147483647;
			files = (
				27BAAA971FC9120F000A4F8A /* ViewController.swift in Sources */,
				27BAAA951FC9120F000A4F8A /* AppDelegate.swift in Sources */,
			);
			runOnlyForDeploymentPostprocessing = 0;
		};
		27BAAAA11FC9120F000A4F8A /* Sources */ = {
			isa = PBXSourcesBuildPhase;
			buildActionMask = 2147483647;
			files = (
				27BAAAAA1FC9120F000A4F8A /* CalculatorTests.swift in Sources */,
			);
			runOnlyForDeploymentPostprocessing = 0;
		};
		27BAAAAC1FC9120F000A4F8A /* Sources */ = {
			isa = PBXSourcesBuildPhase;
			buildActionMask = 2147483647;
			files = (
				27BAAAB51FC9120F000A4F8A /* CalculatorUITests.swift in Sources */,
			);
			runOnlyForDeploymentPostprocessing = 0;
		};
/* End PBXSourcesBuildPhase section */

/* Begin PBXTargetDependency section */
		27BAAAA71FC9120F000A4F8A /* PBXTargetDependency */ = {
			isa = PBXTargetDependency;
			target = 27BAAA901FC9120F000A4F8A /* Calculator */;
			targetProxy = 27BAAAA61FC9120F000A4F8A /* PBXContainerItemProxy */;
		};
		27BAAAB21FC9120F000A4F8A /* PBXTargetDependency */ = {
			isa = PBXTargetDependency;
			target = 27BAAA901FC9120F000A4F8A /* Calculator */;
			targetProxy = 27BAAAB11FC9120F000A4F8A /* PBXContainerItemProxy */;
		};
/* End PBXTargetDependency section */

/* Begin PBXVariantGroup section */
		27BAAA981FC9120F000A4F8A /* Main.storyboard */ = {
			isa = PBXVariantGroup;
			children = (
				27BAAA991FC9120F000A4F8A /* Base */,
			);
			name = Main.storyboard;
			sourceTree = "<group>";
		};
		27BAAA9D1FC9120F000A4F8A /* LaunchScreen.storyboard */ = {
			isa = PBXVariantGroup;
			children = (
				27BAAA9E1FC9120F000A4F8A /* Base */,
			);
			name = LaunchScreen.storyboard;
			sourceTree = "<group>";
		};
/* End PBXVariantGroup section */

/* Begin XCBuildConfiguration section */
		27BAAAB71FC9120F000A4F8A /* Debug */ = {
			isa = XCBuildConfiguration;
			buildSettings = {
				ALWAYS_SEARCH_USER_PATHS = NO;
				CLANG_ANALYZER_NONNULL = YES;
				CLANG_ANALYZER_NUMBER_OBJECT_CONVERSION = YES_AGGRESSIVE;
				CLANG_CXX_LANGUAGE_STANDARD = "gnu++0x";
				CLANG_CXX_LIBRARY = "libc++";
				CLANG_ENABLE_MODULES = YES;
				CLANG_ENABLE_OBJC_ARC = YES;
				CLANG_WARN_BOOL_CONVERSION = YES;
				CLANG_WARN_CONSTANT_CONVERSION = YES;
				CLANG_WARN_DIRECT_OBJC_ISA_USAGE = YES_ERROR;
				CLANG_WARN_DOCUMENTATION_COMMENTS = YES;
				CLANG_WARN_EMPTY_BODY = YES;
				CLANG_WARN_ENUM_CONVERSION = YES;
				CLANG_WARN_INFINITE_RECURSION = YES;
				CLANG_WARN_INT_CONVERSION = YES;
				CLANG_WARN_OBJC_ROOT_CLASS = YES_ERROR;
				CLANG_WARN_SUSPICIOUS_MOVE = YES;
				CLANG_WARN_UNREACHABLE_CODE = YES;
				CLANG_WARN__DUPLICATE_METHOD_MATCH = YES;
				"CODE_SIGN_IDENTITY[sdk=iphoneos*]" = "iPhone Developer";
				COPY_PHASE_STRIP = NO;
				DEBUG_INFORMATION_FORMAT = dwarf;
				ENABLE_STRICT_OBJC_MSGSEND = YES;
				ENABLE_TESTABILITY = YES;
				GCC_C_LANGUAGE_STANDARD = gnu99;
				GCC_DYNAMIC_NO_PIC = NO;
				GCC_NO_COMMON_BLOCKS = YES;
				GCC_OPTIMIZATION_LEVEL = 0;
				GCC_PREPROCESSOR_DEFINITIONS = (
					"DEBUG=1",
					"$(inherited)",
				);
				GCC_WARN_64_TO_32_BIT_CONVERSION = YES;
				GCC_WARN_ABOUT_RETURN_TYPE = YES_ERROR;
				GCC_WARN_UNDECLARED_SELECTOR = YES;
				GCC_WARN_UNINITIALIZED_AUTOS = YES_AGGRESSIVE;
				GCC_WARN_UNUSED_FUNCTION = YES;
				GCC_WARN_UNUSED_VARIABLE = YES;
				IPHONEOS_DEPLOYMENT_TARGET = 10.3;
				MTL_ENABLE_DEBUG_INFO = YES;
				ONLY_ACTIVE_ARCH = YES;
				SDKROOT = iphoneos;
				SWIFT_ACTIVE_COMPILATION_CONDITIONS = DEBUG;
				SWIFT_OPTIMIZATION_LEVEL = "-Onone";
				TARGETED_DEVICE_FAMILY = "1,2";
			};
			name = Debug;
		};
		27BAAAB81FC9120F000A4F8A /* Release */ = {
			isa = XCBuildConfiguration;
			buildSettings = {
				ALWAYS_SEARCH_USER_PATHS = NO;
				CLANG_ANALYZER_NONNULL = YES;
				CLANG_ANALYZER_NUMBER_OBJECT_CONVERSION = YES_AGGRESSIVE;
				CLANG_CXX_LANGUAGE_STANDARD = "gnu++0x";
				CLANG_CXX_LIBRARY = "libc++";
				CLANG_ENABLE_MODULES = YES;
				CLANG_ENABLE_OBJC_ARC = YES;
				CLANG_WARN_BOOL_CONVERSION = YES;
				CLANG_WARN_CONSTANT_CONVERSION = YES;
				CLANG_WARN_DIRECT_OBJC_ISA_USAGE = YES_ERROR;
				CLANG_WARN_DOCUMENTATION_COMMENTS = YES;
				CLANG_WARN_EMPTY_BODY = YES;
				CLANG_WARN_ENUM_CONVERSION = YES;
				CLANG_WARN_INFINITE_RECURSION = YES;
				CLANG_WARN_INT_CONVERSION = YES;
				CLANG_WARN_OBJC_ROOT_CLASS = YES_ERROR;
				CLANG_WARN_SUSPICIOUS_MOVE = YES;
				CLANG_WARN_UNREACHABLE_CODE = YES;
				CLANG_WARN__DUPLICATE_METHOD_MATCH = YES;
				"CODE_SIGN_IDENTITY[sdk=iphoneos*]" = "iPhone Developer";
				COPY_PHASE_STRIP = NO;
				DEBUG_INFORMATION_FORMAT = "dwarf-with-dsym";
				ENABLE_NS_ASSERTIONS = NO;
				ENABLE_STRICT_OBJC_MSGSEND = YES;
				GCC_C_LANGUAGE_STANDARD = gnu99;
				GCC_NO_COMMON_BLOCKS = YES;
				GCC_WARN_64_TO_32_BIT_CONVERSION = YES;
				GCC_WARN_ABOUT_RETURN_TYPE = YES_ERROR;
				GCC_WARN_UNDECLARED_SELECTOR = YES;
				GCC_WARN_UNINITIALIZED_AUTOS = YES_AGGRESSIVE;
				GCC_WARN_UNUSED_FUNCTION = YES;
				GCC_WARN_UNUSED_VARIABLE = YES;
				IPHONEOS_DEPLOYMENT_TARGET = 10.3;
				MTL_ENABLE_DEBUG_INFO = NO;
				SDKROOT = iphoneos;
				SWIFT_OPTIMIZATION_LEVEL = "-Owholemodule";
				TARGETED_DEVICE_FAMILY = "1,2";
				VALIDATE_PRODUCT = YES;
			};
			name = Release;
		};
		27BAAABA1FC9120F000A4F8A /* Debug */ = {
			isa = XCBuildConfiguration;
			buildSettings = {
				ASSETCATALOG_COMPILER_APPICON_NAME = AppIcon;
				INFOPLIST_FILE = Calculator/Info.plist;
				LD_RUNPATH_SEARCH_PATHS = "$(inherited) @executable_path/Frameworks";
				PRODUCT_BUNDLE_IDENTIFIER = Openull.Calculator;
				PRODUCT_NAME = "$(TARGET_NAME)";
				SWIFT_VERSION = 3.0;
			};
			name = Debug;
		};
		27BAAABB1FC9120F000A4F8A /* Release */ = {
			isa = XCBuildConfiguration;
			buildSettings = {
				ASSETCATALOG_COMPILER_APPICON_NAME = AppIcon;
				INFOPLIST_FILE = Calculator/Info.plist;
				LD_RUNPATH_SEARCH_PATHS = "$(inherited) @executable_path/Frameworks";
				PRODUCT_BUNDLE_IDENTIFIER = Openull.Calculator;
				PRODUCT_NAME = "$(TARGET_NAME)";
				SWIFT_VERSION = 3.0;
			};
			name = Release;
		};
		27BAAABD1FC9120F000A4F8A /* Debug */ = {
			isa = XCBuildConfiguration;
			buildSettings = {
				ALWAYS_EMBED_SWIFT_STANDARD_LIBRARIES = YES;
				BUNDLE_LOADER = "$(TEST_HOST)";
				INFOPLIST_FILE = CalculatorTests/Info.plist;
				LD_RUNPATH_SEARCH_PATHS = "$(inherited) @executable_path/Frameworks @loader_path/Frameworks";
				PRODUCT_BUNDLE_IDENTIFIER = Openull.CalculatorTests;
				PRODUCT_NAME = "$(TARGET_NAME)";
				SWIFT_VERSION = 3.0;
				TEST_HOST = "$(BUILT_PRODUCTS_DIR)/Calculator.app/Calculator";
			};
			name = Debug;
		};
		27BAAABE1FC9120F000A4F8A /* Release */ = {
			isa = XCBuildConfiguration;
			buildSettings = {
				ALWAYS_EMBED_SWIFT_STANDARD_LIBRARIES = YES;
				BUNDLE_LOADER = "$(TEST_HOST)";
				INFOPLIST_FILE = CalculatorTests/Info.plist;
				LD_RUNPATH_SEARCH_PATHS = "$(inherited) @executable_path/Frameworks @loader_path/Frameworks";
				PRODUCT_BUNDLE_IDENTIFIER = Openull.CalculatorTests;
				PRODUCT_NAME = "$(TARGET_NAME)";
				SWIFT_VERSION = 3.0;
				TEST_HOST = "$(BUILT_PRODUCTS_DIR)/Calculator.app/Calculator";
			};
			name = Release;
		};
		27BAAAC01FC9120F000A4F8A /* Debug */ = {
			isa = XCBuildConfiguration;
			buildSettings = {
				ALWAYS_EMBED_SWIFT_STANDARD_LIBRARIES = YES;
				INFOPLIST_FILE = CalculatorUITests/Info.plist;
				LD_RUNPATH_SEARCH_PATHS = "$(inherited) @executable_path/Frameworks @loader_path/Frameworks";
				PRODUCT_BUNDLE_IDENTIFIER = Openull.CalculatorUITests;
				PRODUCT_NAME = "$(TARGET_NAME)";
				SWIFT_VERSION = 3.0;
				TEST_TARGET_NAME = Calculator;
			};
			name = Debug;
		};
		27BAAAC11FC9120F000A4F8A /* Release */ = {
			isa = XCBuildConfiguration;
			buildSettings = {
				ALWAYS_EMBED_SWIFT_STANDARD_LIBRARIES = YES;
				INFOPLIST_FILE = CalculatorUITests/Info.plist;
				LD_RUNPATH_SEARCH_PATHS = "$(inherited) @executable_path/Frameworks @loader_path/Frameworks";
				PRODUCT_BUNDLE_IDENTIFIER = Openull.CalculatorUITests;
				PRODUCT_NAME = "$(TARGET_NAME)";
				SWIFT_VERSION = 3.0;
				TEST_TARGET_NAME = Calculator;
			};
			name = Release;
		};
/* End XCBuildConfiguration section */

/* Begin XCConfigurationList section */
		27BAAA8C1FC9120F000A4F8A /* Build configuration list for PBXProject "Calculator" */ = {
			isa = XCConfigurationList;
			buildConfigurations = (
				27BAAAB71FC9120F000A4F8A /* Debug */,
				27BAAAB81FC9120F000A4F8A /* Release */,
			);
			defaultConfigurationIsVisible = 0;
			defaultConfigurationName = Release;
		};
		27BAAAB91FC9120F000A4F8A /* Build configuration list for PBXNativeTarget "Calculator" */ = {
			isa = XCConfigurationList;
			buildConfigurations = (
				27BAAABA1FC9120F000A4F8A /* Debug */,
				27BAAABB1FC9120F000A4F8A /* Release */,
			);
			defaultConfigurationIsVisible = 0;
		};
		27BAAABC1FC9120F000A4F8A /* Build configuration list for PBXNativeTarget "CalculatorTests" */ = {
			isa = XCConfigurationList;
			buildConfigurations = (
				27BAAABD1FC9120F000A4F8A /* Debug */,
				27BAAABE1FC9120F000A4F8A /* Release */,
			);
			defaultConfigurationIsVisible = 0;
		};
		27BAAABF1FC9120F000A4F8A /* Build configuration list for PBXNativeTarget "CalculatorUITests" */ = {
			isa = XCConfigurationList;
			buildConfigurations = (
				27BAAAC01FC9120F000A4F8A /* Debug */,
				27BAAAC11FC9120F000A4F8A /* Release */,
			);
			defaultConfigurationIsVisible = 0;
		};
/* End XCConfigurationList section */
	};
	rootObject = 27BAAA891FC9120F000A4F8A /* Project object */;
}
